<?xml version="1.0" encoding="utf-8"?>
<Project ToolsVersion="4.0" xmlns="http://schemas.microsoft.com/developer/msbuild/2003">
  <ItemGroup>
    <Filter Include="core">
      <UniqueIdentifier>{2430b451-328d-46dc-aaff-f3977d90abf9}</UniqueIdentifier>
    </Filter>
    <Filter Include="math">
      <UniqueIdentifier>{32cea653-8439-4f8e-aefb-c8ec3852d614}</UniqueIdentifier>
    </Filter>
    <Filter Include="utils">
      <UniqueIdentifier>{cc2f88c1-2611-4b8e-a045-353bc48487ca}</UniqueIdentifier>
    </Filter>
    <Filter Include="Resources">
      <UniqueIdentifier>{67DA6AB6-F800-4c08-8B7A-83BB121AAD01}</UniqueIdentifier>
      <Extensions>rc;ico;cur;bmp;dlg;rc2;rct;bin;rgs;gif;jpg;jpeg;jpe;resx;tiff;tif;png;wav;mfcribbon-ms</Extensions>
    </Filter>
    <Filter Include="scene">
      <UniqueIdentifier>{0b006ad8-16e3-407b-836d-dab1a2371f78}</UniqueIdentifier>
    </Filter>
  </ItemGroup>
  <ItemGroup>
    <ClInclude Include="..\src\core\image.hpp">
      <Filter>core</Filter>
    </ClInclude>
    <ClInclude Include="..\src\math\vec.hpp">
      <Filter>math</Filter>
    </ClInclude>
    <ClInclude Include="..\src\utils\timer.hpp">
      <Filter>utils</Filter>
    </ClInclude>
    <ClInclude Include="..\src\utils\util.hpp">
      <Filter>utils</Filter>
    </ClInclude>
    <ClInclude Include="..\src\app.hpp" />
    <ClInclude Include="..\src\scene\test_scene.hpp">
      <Filter>scene</Filter>
    </ClInclude>
    <ClInclude Include="..\src\scene\light2d.hpp">
      <Filter>scene</Filter>
    </ClInclude>
    <ClInclude Include="..\src\scene\sdf.hpp">
      <Filter>scene</Filter>
    </ClInclude>
  </ItemGroup>
  <ItemGroup>
    <ClCompile Include="..\src\core\image.cpp">
      <Filter>core</Filter>
    </ClCompile>
    <ClCompile Include="..\src\math\vec.cpp">
      <Filter>math</Filter>
    </ClCompile>
    <ClCompile Include="..\src\utils\timer.cpp">
      <Filter>utils</Filter>
    </ClCompile>
    <ClCompile Include="..\src\utils\util.cpp">
      <Filter>utils</Filter>
    </ClCompile>
    <ClCompile Include="..\src\app.cpp" />
    <ClCompile Include="..\src\main.cpp" />
  </ItemGroup>
</Project>